
Microsoft Visual Studio Solution File, Format Version 12.00
# Visual Studio Version 17
VisualStudioVersion = 17.6.33801.468
MinimumVisualStudioVersion = 10.0.40219.1
Project("{FAE04EC0-301F-11D3-BF4B-00C04F79EFBC}") = "MuntersGiphyExam", "MuntersGiphyExam\MuntersGiphyExam.csproj", "{19E94864-E3F5-4408-AC48-8F6DD6FE2B83}"
EndProject
Global
	GlobalSection(SolutionConfigurationPlatforms) = preSolution
		Debug|Any CPU = Debug|Any CPU
		Release|Any CPU = Release|Any CPU
	EndGlobalSection
	GlobalSection(ProjectConfigurationPlatforms) = postSolution
		{19E94864-E3F5-4408-AC48-8F6DD6FE2B83}.Debug|Any CPU.ActiveCfg = Debug|Any CPU
		{19E94864-E3F5-4408-AC48-8F6DD6FE2B83}.Debug|Any CPU.Build.0 = Debug|Any CPU
		{19E94864-E3F5-4408-AC48-8F6DD6FE2B83}.Release|Any CPU.ActiveCfg = Release|Any CPU
		{19E94864-E3F5-4408-AC48-8F6DD6FE2B83}.Release|Any CPU.Build.0 = Release|Any CPU
	EndGlobalSection
	GlobalSection(SolutionProperties) = preSolution
		HideSolutionNode = FALSE
	EndGlobalSection
	GlobalSection(ExtensibilityGlobals) = postSolution
		SolutionGuid = {BC30AC54-8F02-4801-A9AA-07F874AC3E81}
	EndGlobalSection
EndGlobal
